<?xml version="1.0" encoding="utf-8"?>
<Project ToolsVersion="4.0" xmlns="http://schemas.microsoft.com/developer/msbuild/2003">
  <ItemGroup>
    <ClCompile Include="pch.cpp" />
    <ClCompile Include="TestMeshUtils.cpp" />
    <ClCompile Include="Test.cpp" />
    <ClCompile Include="MeshGenerator.cpp" />
  </ItemGroup>
  <ItemGroup>
    <ClInclude Include="pch.h" />
    <ClInclude Include="Test.h" />
    <ClInclude Include="MeshGenerator.h" />
  </ItemGroup>
</Project>